// !$*UTF8*$!
{
	archiveVersion = 1;
	classes = {
	};
	objectVersion = 55;
	objects = {

/* Begin PBXBuildFile section */
		74353AB02885E36700F8B2EB /* ViewExtension.swift in Sources */ = {isa = PBXBuildFile; fileRef = 74353AAF2885E36700F8B2EB /* ViewExtension.swift */; };
		747A461C28872A52005E7C80 /* Favorites.swift in Sources */ = {isa = PBXBuildFile; fileRef = 747A461B28872A52005E7C80 /* Favorites.swift */; };
		747A461E2887371A005E7C80 /* SubDetailView.swift in Sources */ = {isa = PBXBuildFile; fileRef = 747A461D2887371A005E7C80 /* SubDetailView.swift */; };
		747DDB50288EF5040032FC53 /* String.swift in Sources */ = {isa = PBXBuildFile; fileRef = 747DDB4F288EF5040032FC53 /* String.swift */; };
		7485ADFA285D06AD00905391 /* Character.swift in Sources */ = {isa = PBXBuildFile; fileRef = 7485ADF9285D06AD00905391 /* Character.swift */; };
		7485ADFC285D0C9200905391 /* CharacterViewModel.swift in Sources */ = {isa = PBXBuildFile; fileRef = 7485ADFB285D0C9200905391 /* CharacterViewModel.swift */; };
		749E5124285CE050007CBFBA /* RickandMortyFanGuideApp.swift in Sources */ = {isa = PBXBuildFile; fileRef = 749E5123285CE050007CBFBA /* RickandMortyFanGuideApp.swift */; };
		749E5126285CE050007CBFBA /* CharacterView.swift in Sources */ = {isa = PBXBuildFile; fileRef = 749E5125285CE050007CBFBA /* CharacterView.swift */; };
		749E5128285CE058007CBFBA /* Assets.xcassets in Resources */ = {isa = PBXBuildFile; fileRef = 749E5127285CE058007CBFBA /* Assets.xcassets */; };
		749E512B285CE058007CBFBA /* Preview Assets.xcassets in Resources */ = {isa = PBXBuildFile; fileRef = 749E512A285CE058007CBFBA /* Preview Assets.xcassets */; };
		749E5133285CE222007CBFBA /* LaunchScreen.storyboard in Resources */ = {isa = PBXBuildFile; fileRef = 749E5132285CE222007CBFBA /* LaunchScreen.storyboard */; };
		74B58F5E2877594200EBC2F3 /* CharacterRowView.swift in Sources */ = {isa = PBXBuildFile; fileRef = 74B58F5D2877594200EBC2F3 /* CharacterRowView.swift */; };
		74B9B963287874540042889A /* CharacterDetailsView.swift in Sources */ = {isa = PBXBuildFile; fileRef = 74B9B962287874540042889A /* CharacterDetailsView.swift */; };
		74C7D2BA2891B530007EA1C5 /* CharactersTabView.swift in Sources */ = {isa = PBXBuildFile; fileRef = 74C7D2B92891B530007EA1C5 /* CharactersTabView.swift */; };
		74C7D2BC2891B557007EA1C5 /* FavoritesView.swift in Sources */ = {isa = PBXBuildFile; fileRef = 74C7D2BB2891B557007EA1C5 /* FavoritesView.swift */; };
/* End PBXBuildFile section */

/* Begin PBXFileReference section */
		74353AAF2885E36700F8B2EB /* ViewExtension.swift */ = {isa = PBXFileReference; lastKnownFileType = sourcecode.swift; path = ViewExtension.swift; sourceTree = "<group>"; };
		747A461B28872A52005E7C80 /* Favorites.swift */ = {isa = PBXFileReference; lastKnownFileType = sourcecode.swift; path = Favorites.swift; sourceTree = "<group>"; };
		747A461D2887371A005E7C80 /* SubDetailView.swift */ = {isa = PBXFileReference; lastKnownFileType = sourcecode.swift; path = SubDetailView.swift; sourceTree = "<group>"; };
		747DDB4F288EF5040032FC53 /* String.swift */ = {isa = PBXFileReference; lastKnownFileType = sourcecode.swift; path = String.swift; sourceTree = "<group>"; };
		7485ADF9285D06AD00905391 /* Character.swift */ = {isa = PBXFileReference; lastKnownFileType = sourcecode.swift; path = Character.swift; sourceTree = "<group>"; };
		7485ADFB285D0C9200905391 /* CharacterViewModel.swift */ = {isa = PBXFileReference; lastKnownFileType = sourcecode.swift; path = CharacterViewModel.swift; sourceTree = "<group>"; };
		749E5120285CE050007CBFBA /* RickandMortyFanGuide.app */ = {isa = PBXFileReference; explicitFileType = wrapper.application; includeInIndex = 0; path = RickandMortyFanGuide.app; sourceTree = BUILT_PRODUCTS_DIR; };
		749E5123285CE050007CBFBA /* RickandMortyFanGuideApp.swift */ = {isa = PBXFileReference; lastKnownFileType = sourcecode.swift; path = RickandMortyFanGuideApp.swift; sourceTree = "<group>"; };
		749E5125285CE050007CBFBA /* CharacterView.swift */ = {isa = PBXFileReference; lastKnownFileType = sourcecode.swift; path = CharacterView.swift; sourceTree = "<group>"; };
		749E5127285CE058007CBFBA /* Assets.xcassets */ = {isa = PBXFileReference; lastKnownFileType = folder.assetcatalog; path = Assets.xcassets; sourceTree = "<group>"; };
		749E512A285CE058007CBFBA /* Preview Assets.xcassets */ = {isa = PBXFileReference; lastKnownFileType = folder.assetcatalog; path = "Preview Assets.xcassets"; sourceTree = "<group>"; };
		749E5131285CE13B007CBFBA /* Info.plist */ = {isa = PBXFileReference; lastKnownFileType = text.plist; path = Info.plist; sourceTree = "<group>"; };
		749E5132285CE222007CBFBA /* LaunchScreen.storyboard */ = {isa = PBXFileReference; lastKnownFileType = file.storyboard; path = LaunchScreen.storyboard; sourceTree = "<group>"; };
		74B58F5D2877594200EBC2F3 /* CharacterRowView.swift */ = {isa = PBXFileReference; lastKnownFileType = sourcecode.swift; path = CharacterRowView.swift; sourceTree = "<group>"; };
		74B9B962287874540042889A /* CharacterDetailsView.swift */ = {isa = PBXFileReference; lastKnownFileType = sourcecode.swift; path = CharacterDetailsView.swift; sourceTree = "<group>"; };
		74C7D2B92891B530007EA1C5 /* CharactersTabView.swift */ = {isa = PBXFileReference; lastKnownFileType = sourcecode.swift; path = CharactersTabView.swift; sourceTree = "<group>"; };
		74C7D2BB2891B557007EA1C5 /* FavoritesView.swift */ = {isa = PBXFileReference; lastKnownFileType = sourcecode.swift; path = FavoritesView.swift; sourceTree = "<group>"; };
/* End PBXFileReference section */

/* Begin PBXFrameworksBuildPhase section */
		749E511D285CE050007CBFBA /* Frameworks */ = {
			isa = PBXFrameworksBuildPhase;
			buildActionMask = 2147483647;
			files = (
			);
			runOnlyForDeploymentPostprocessing = 0;
		};
/* End PBXFrameworksBuildPhase section */

/* Begin PBXGroup section */
		74353AAE2885E10300F8B2EB /* Extensions */ = {
			isa = PBXGroup;
			children = (
				74353AAF2885E36700F8B2EB /* ViewExtension.swift */,
				747DDB4F288EF5040032FC53 /* String.swift */,
			);
			path = Extensions;
			sourceTree = "<group>";
		};
		747A461F28873736005E7C80 /* Components */ = {
			isa = PBXGroup;
			children = (
				747A461B28872A52005E7C80 /* Favorites.swift */,
			);
			path = Components;
			sourceTree = "<group>";
		};
		7485ADF6285D063E00905391 /* Views */ = {
			isa = PBXGroup;
			children = (
				74B58F5D2877594200EBC2F3 /* CharacterRowView.swift */,
				74B9B962287874540042889A /* CharacterDetailsView.swift */,
				747A461D2887371A005E7C80 /* SubDetailView.swift */,
				74C7D2BB2891B557007EA1C5 /* FavoritesView.swift */,
				749E5125285CE050007CBFBA /* CharacterView.swift */,
				74B9B9612878735D0042889A /* MainScreen */,
			);
			path = Views;
			sourceTree = "<group>";
		};
		7485ADF7285D064500905391 /* Model */ = {
			isa = PBXGroup;
			children = (
				7485ADF9285D06AD00905391 /* Character.swift */,
			);
			path = Model;
			sourceTree = "<group>";
		};
		7485ADF8285D064B00905391 /* ViewModel */ = {
			isa = PBXGroup;
			children = (
				7485ADFB285D0C9200905391 /* CharacterViewModel.swift */,
			);
			path = ViewModel;
			sourceTree = "<group>";
		};
		749E5117285CE050007CBFBA = {
			isa = PBXGroup;
			children = (
				749E5122285CE050007CBFBA /* RickandMortyFanGuide */,
				749E5121285CE050007CBFBA /* Products */,
			);
			sourceTree = "<group>";
		};
		749E5121285CE050007CBFBA /* Products */ = {
			isa = PBXGroup;
			children = (
				749E5120285CE050007CBFBA /* RickandMortyFanGuide.app */,
			);
			name = Products;
			sourceTree = "<group>";
		};
		749E5122285CE050007CBFBA /* RickandMortyFanGuide */ = {
			isa = PBXGroup;
			children = (
				749E5131285CE13B007CBFBA /* Info.plist */,
				749E5123285CE050007CBFBA /* RickandMortyFanGuideApp.swift */,
				747A461F28873736005E7C80 /* Components */,
				74353AAE2885E10300F8B2EB /* Extensions */,
				7485ADF7285D064500905391 /* Model */,
				7485ADF8285D064B00905391 /* ViewModel */,
				7485ADF6285D063E00905391 /* Views */,
				749E5132285CE222007CBFBA /* LaunchScreen.storyboard */,
				749E5127285CE058007CBFBA /* Assets.xcassets */,
				749E5129285CE058007CBFBA /* Preview Content */,
			);
			path = RickandMortyFanGuide;
			sourceTree = "<group>";
		};
		749E5129285CE058007CBFBA /* Preview Content */ = {
			isa = PBXGroup;
			children = (
				749E512A285CE058007CBFBA /* Preview Assets.xcassets */,
			);
			path = "Preview Content";
			sourceTree = "<group>";
		};
		74B9B9612878735D0042889A /* MainScreen */ = {
			isa = PBXGroup;
			children = (
				74C7D2B92891B530007EA1C5 /* CharactersTabView.swift */,
			);
			path = MainScreen;
			sourceTree = "<group>";
		};
/* End PBXGroup section */

/* Begin PBXNativeTarget section */
		749E511F285CE050007CBFBA /* RickandMortyFanGuide */ = {
			isa = PBXNativeTarget;
			buildConfigurationList = 749E512E285CE058007CBFBA /* Build configuration list for PBXNativeTarget "RickandMortyFanGuide" */;
			buildPhases = (
				749E511C285CE050007CBFBA /* Sources */,
				749E511D285CE050007CBFBA /* Frameworks */,
				749E511E285CE050007CBFBA /* Resources */,
			);
			buildRules = (
			);
			dependencies = (
			);
			name = RickandMortyFanGuide;
			packageProductDependencies = (
			);
			productName = RickandMortyFanGuide;
			productReference = 749E5120285CE050007CBFBA /* RickandMortyFanGuide.app */;
			productType = "com.apple.product-type.application";
		};
/* End PBXNativeTarget section */

/* Begin PBXProject section */
		749E5118285CE050007CBFBA /* Project object */ = {
			isa = PBXProject;
			attributes = {
				BuildIndependentTargetsInParallel = 1;
				LastSwiftUpdateCheck = 1340;
				LastUpgradeCheck = 1340;
				TargetAttributes = {
					749E511F285CE050007CBFBA = {
						CreatedOnToolsVersion = 13.4.1;
					};
				};
			};
			buildConfigurationList = 749E511B285CE050007CBFBA /* Build configuration list for PBXProject "RickandMortyFanGuide" */;
			compatibilityVersion = "Xcode 13.0";
			developmentRegion = en;
			hasScannedForEncodings = 0;
			knownRegions = (
				en,
				Base,
			);
			mainGroup = 749E5117285CE050007CBFBA;
			packageReferences = (
			);
			productRefGroup = 749E5121285CE050007CBFBA /* Products */;
			projectDirPath = "";
			projectRoot = "";
			targets = (
				749E511F285CE050007CBFBA /* RickandMortyFanGuide */,
			);
		};
/* End PBXProject section */

/* Begin PBXResourcesBuildPhase section */
		749E511E285CE050007CBFBA /* Resources */ = {
			isa = PBXResourcesBuildPhase;
			buildActionMask = 2147483647;
			files = (
				749E5133285CE222007CBFBA /* LaunchScreen.storyboard in Resources */,
				749E512B285CE058007CBFBA /* Preview Assets.xcassets in Resources */,
				749E5128285CE058007CBFBA /* Assets.xcassets in Resources */,
			);
			runOnlyForDeploymentPostprocessing = 0;
		};
/* End PBXResourcesBuildPhase section */

/* Begin PBXSourcesBuildPhase section */
		749E511C285CE050007CBFBA /* Sources */ = {
			isa = PBXSourcesBuildPhase;
			buildActionMask = 2147483647;
			files = (
				7485ADFC285D0C9200905391 /* CharacterViewModel.swift in Sources */,
				7485ADFA285D06AD00905391 /* Character.swift in Sources */,
				747DDB50288EF5040032FC53 /* String.swift in Sources */,
				749E5126285CE050007CBFBA /* CharacterView.swift in Sources */,
				74C7D2BA2891B530007EA1C5 /* CharactersTabView.swift in Sources */,
				74353AB02885E36700F8B2EB /* ViewExtension.swift in Sources */,
				749E5124285CE050007CBFBA /* RickandMortyFanGuideApp.swift in Sources */,
				747A461C28872A52005E7C80 /* Favorites.swift in Sources */,
				74C7D2BC2891B557007EA1C5 /* FavoritesView.swift in Sources */,
				747A461E2887371A005E7C80 /* SubDetailView.swift in Sources */,
				74B58F5E2877594200EBC2F3 /* CharacterRowView.swift in Sources */,
				74B9B963287874540042889A /* CharacterDetailsView.swift in Sources */,
			);
			runOnlyForDeploymentPostprocessing = 0;
		};
/* End PBXSourcesBuildPhase section */

/* Begin XCBuildConfiguration section */
		749E512C285CE058007CBFBA /* Debug */ = {
			isa = XCBuildConfiguration;
			buildSettings = {
				ALWAYS_SEARCH_USER_PATHS = NO;
				CLANG_ANALYZER_NONNULL = YES;
				CLANG_ANALYZER_NUMBER_OBJECT_CONVERSION = YES_AGGRESSIVE;
				CLANG_CXX_LANGUAGE_STANDARD = "gnu++17";
				CLANG_ENABLE_MODULES = YES;
				CLANG_ENABLE_OBJC_ARC = YES;
				CLANG_ENABLE_OBJC_WEAK = YES;
				CLANG_WARN_BLOCK_CAPTURE_AUTORELEASING = YES;
				CLANG_WARN_BOOL_CONVERSION = YES;
				CLANG_WARN_COMMA = YES;
				CLANG_WARN_CONSTANT_CONVERSION = YES;
				CLANG_WARN_DEPRECATED_OBJC_IMPLEMENTATIONS = YES;
				CLANG_WARN_DIRECT_OBJC_ISA_USAGE = YES_ERROR;
				CLANG_WARN_DOCUMENTATION_COMMENTS = YES;
				CLANG_WARN_EMPTY_BODY = YES;
				CLANG_WARN_ENUM_CONVERSION = YES;
				CLANG_WARN_INFINITE_RECURSION = YES;
				CLANG_WARN_INT_CONVERSION = YES;
				CLANG_WARN_NON_LITERAL_NULL_CONVERSION = YES;
				CLANG_WARN_OBJC_IMPLICIT_RETAIN_SELF = YES;
				CLANG_WARN_OBJC_LITERAL_CONVERSION = YES;
				CLANG_WARN_OBJC_ROOT_CLASS = YES_ERROR;
				CLANG_WARN_QUOTED_INCLUDE_IN_FRAMEWORK_HEADER = YES;
				CLANG_WARN_RANGE_LOOP_ANALYSIS = YES;
				CLANG_WARN_STRICT_PROTOTYPES = YES;
				CLANG_WARN_SUSPICIOUS_MOVE = YES;
				CLANG_WARN_UNGUARDED_AVAILABILITY = YES_AGGRESSIVE;
				CLANG_WARN_UNREACHABLE_CODE = YES;
				CLANG_WARN__DUPLICATE_METHOD_MATCH = YES;
				COPY_PHASE_STRIP = NO;
				DEBUG_INFORMATION_FORMAT = dwarf;
				ENABLE_STRICT_OBJC_MSGSEND = YES;
				ENABLE_TESTABILITY = YES;
				GCC_C_LANGUAGE_STANDARD = gnu11;
				GCC_DYNAMIC_NO_PIC = NO;
				GCC_NO_COMMON_BLOCKS = YES;
				GCC_OPTIMIZATION_LEVEL = 0;
				GCC_PREPROCESSOR_DEFINITIONS = (
					"DEBUG=1",
					"$(inherited)",
				);
				GCC_WARN_64_TO_32_BIT_CONVERSION = YES;
				GCC_WARN_ABOUT_RETURN_TYPE = YES_ERROR;
				GCC_WARN_UNDECLARED_SELECTOR = YES;
				GCC_WARN_UNINITIALIZED_AUTOS = YES_AGGRESSIVE;
				GCC_WARN_UNUSED_FUNCTION = YES;
				GCC_WARN_UNUSED_VARIABLE = YES;
				IPHONEOS_DEPLOYMENT_TARGET = 15.5;
				MTL_ENABLE_DEBUG_INFO = INCLUDE_SOURCE;
				MTL_FAST_MATH = YES;
				ONLY_ACTIVE_ARCH = YES;
				SDKROOT = iphoneos;
				SWIFT_ACTIVE_COMPILATION_CONDITIONS = DEBUG;
				SWIFT_OPTIMIZATION_LEVEL = "-Onone";
			};
			name = Debug;
		};
		749E512D285CE058007CBFBA /* Release */ = {
			isa = XCBuildConfiguration;
			buildSettings = {
				ALWAYS_SEARCH_USER_PATHS = NO;
				CLANG_ANALYZER_NONNULL = YES;
				CLANG_ANALYZER_NUMBER_OBJECT_CONVERSION = YES_AGGRESSIVE;
				CLANG_CXX_LANGUAGE_STANDARD = "gnu++17";
				CLANG_ENABLE_MODULES = YES;
				CLANG_ENABLE_OBJC_ARC = YES;
				CLANG_ENABLE_OBJC_WEAK = YES;
				CLANG_WARN_BLOCK_CAPTURE_AUTORELEASING = YES;
				CLANG_WARN_BOOL_CONVERSION = YES;
				CLANG_WARN_COMMA = YES;
				CLANG_WARN_CONSTANT_CONVERSION = YES;
				CLANG_WARN_DEPRECATED_OBJC_IMPLEMENTATIONS = YES;
				CLANG_WARN_DIRECT_OBJC_ISA_USAGE = YES_ERROR;
				CLANG_WARN_DOCUMENTATION_COMMENTS = YES;
				CLANG_WARN_EMPTY_BODY = YES;
				CLANG_WARN_ENUM_CONVERSION = YES;
				CLANG_WARN_INFINITE_RECURSION = YES;
				CLANG_WARN_INT_CONVERSION = YES;
				CLANG_WARN_NON_LITERAL_NULL_CONVERSION = YES;
				CLANG_WARN_OBJC_IMPLICIT_RETAIN_SELF = YES;
				CLANG_WARN_OBJC_LITERAL_CONVERSION = YES;
				CLANG_WARN_OBJC_ROOT_CLASS = YES_ERROR;
				CLANG_WARN_QUOTED_INCLUDE_IN_FRAMEWORK_HEADER = YES;
				CLANG_WARN_RANGE_LOOP_ANALYSIS = YES;
				CLANG_WARN_STRICT_PROTOTYPES = YES;
				CLANG_WARN_SUSPICIOUS_MOVE = YES;
				CLANG_WARN_UNGUARDED_AVAILABILITY = YES_AGGRESSIVE;
				CLANG_WARN_UNREACHABLE_CODE = YES;
				CLANG_WARN__DUPLICATE_METHOD_MATCH = YES;
				COPY_PHASE_STRIP = NO;
				DEBUG_INFORMATION_FORMAT = "dwarf-with-dsym";
				ENABLE_NS_ASSERTIONS = NO;
				ENABLE_STRICT_OBJC_MSGSEND = YES;
				GCC_C_LANGUAGE_STANDARD = gnu11;
				GCC_NO_COMMON_BLOCKS = YES;
				GCC_WARN_64_TO_32_BIT_CONVERSION = YES;
				GCC_WARN_ABOUT_RETURN_TYPE = YES_ERROR;
				GCC_WARN_UNDECLARED_SELECTOR = YES;
				GCC_WARN_UNINITIALIZED_AUTOS = YES_AGGRESSIVE;
				GCC_WARN_UNUSED_FUNCTION = YES;
				GCC_WARN_UNUSED_VARIABLE = YES;
				IPHONEOS_DEPLOYMENT_TARGET = 15.5;
				MTL_ENABLE_DEBUG_INFO = NO;
				MTL_FAST_MATH = YES;
				SDKROOT = iphoneos;
				SWIFT_COMPILATION_MODE = wholemodule;
				SWIFT_OPTIMIZATION_LEVEL = "-O";
				VALIDATE_PRODUCT = YES;
			};
			name = Release;
		};
		749E512F285CE058007CBFBA /* Debug */ = {
			isa = XCBuildConfiguration;
			buildSettings = {
				ASSETCATALOG_COMPILER_APPICON_NAME = AppIcon;
				ASSETCATALOG_COMPILER_GLOBAL_ACCENT_COLOR_NAME = AccentColor;
				CODE_SIGN_STYLE = Automatic;
				CURRENT_PROJECT_VERSION = 1;
				DEVELOPMENT_ASSET_PATHS = "\"RickandMortyFanGuide/Preview Content\"";
				DEVELOPMENT_TEAM = 95Y447U3W5;
				ENABLE_PREVIEWS = YES;
				GENERATE_INFOPLIST_FILE = YES;
				INFOPLIST_FILE = RickandMortyFanGuide/Info.plist;
				INFOPLIST_KEY_UIApplicationSceneManifest_Generation = YES;
				INFOPLIST_KEY_UIApplicationSupportsIndirectInputEvents = YES;
				INFOPLIST_KEY_UILaunchScreen_Generation = YES;
				INFOPLIST_KEY_UILaunchStoryboardName = LaunchScreen;
				INFOPLIST_KEY_UISupportedInterfaceOrientations_iPad = "UIInterfaceOrientationPortrait UIInterfaceOrientationPortraitUpsideDown UIInterfaceOrientationLandscapeLeft UIInterfaceOrientationLandscapeRight";
				INFOPLIST_KEY_UISupportedInterfaceOrientations_iPhone = "UIInterfaceOrientationPortrait UIInterfaceOrientationLandscapeLeft UIInterfaceOrientationLandscapeRight";
				LD_RUNPATH_SEARCH_PATHS = (
					"$(inherited)",
					"@executable_path/Frameworks",
				);
				MARKETING_VERSION = 1.0;
				PRODUCT_BUNDLE_IDENTIFIER = com.kevinjeon.RickandMortyFanGuide;
				PRODUCT_NAME = "$(TARGET_NAME)";
				SWIFT_EMIT_LOC_STRINGS = YES;
				SWIFT_VERSION = 5.0;
				TARGETED_DEVICE_FAMILY = "1,2";
			};
			name = Debug;
		};
		749E5130285CE058007CBFBA /* Release */ = {
			isa = XCBuildConfiguration;
			buildSettings = {
				ASSETCATALOG_COMPILER_APPICON_NAME = AppIcon;
				ASSETCATALOG_COMPILER_GLOBAL_ACCENT_COLOR_NAME = AccentColor;
				CODE_SIGN_STYLE = Automatic;
				CURRENT_PROJECT_VERSION = 1;
				DEVELOPMENT_ASSET_PATHS = "\"RickandMortyFanGuide/Preview Content\"";
				DEVELOPMENT_TEAM = 95Y447U3W5;
				ENABLE_PREVIEWS = YES;
				GENERATE_INFOPLIST_FILE = YES;
				INFOPLIST_FILE = RickandMortyFanGuide/Info.plist;
				INFOPLIST_KEY_UIApplicationSceneManifest_Generation = YES;
				INFOPLIST_KEY_UIApplicationSupportsIndirectInputEvents = YES;
				INFOPLIST_KEY_UILaunchScreen_Generation = YES;
				INFOPLIST_KEY_UILaunchStoryboardName = LaunchScreen;
				INFOPLIST_KEY_UISupportedInterfaceOrientations_iPad = "UIInterfaceOrientationPortrait UIInterfaceOrientationPortraitUpsideDown UIInterfaceOrientationLandscapeLeft UIInterfaceOrientationLandscapeRight";
				INFOPLIST_KEY_UISupportedInterfaceOrientations_iPhone = "UIInterfaceOrientationPortrait UIInterfaceOrientationLandscapeLeft UIInterfaceOrientationLandscapeRight";
				LD_RUNPATH_SEARCH_PATHS = (
					"$(inherited)",
					"@executable_path/Frameworks",
				);
				MARKETING_VERSION = 1.0;
				PRODUCT_BUNDLE_IDENTIFIER = com.kevinjeon.RickandMortyFanGuide;
				PRODUCT_NAME = "$(TARGET_NAME)";
				SWIFT_EMIT_LOC_STRINGS = YES;
				SWIFT_VERSION = 5.0;
				TARGETED_DEVICE_FAMILY = "1,2";
			};
			name = Release;
		};
/* End XCBuildConfiguration section */

/* Begin XCConfigurationList section */
		749E511B285CE050007CBFBA /* Build configuration list for PBXProject "RickandMortyFanGuide" */ = {
			isa = XCConfigurationList;
			buildConfigurations = (
				749E512C285CE058007CBFBA /* Debug */,
				749E512D285CE058007CBFBA /* Release */,
			);
			defaultConfigurationIsVisible = 0;
			defaultConfigurationName = Release;
		};
		749E512E285CE058007CBFBA /* Build configuration list for PBXNativeTarget "RickandMortyFanGuide" */ = {
			isa = XCConfigurationList;
			buildConfigurations = (
				749E512F285CE058007CBFBA /* Debug */,
				749E5130285CE058007CBFBA /* Release */,
			);
			defaultConfigurationIsVisible = 0;
			defaultConfigurationName = Release;
		};
/* End XCConfigurationList section */
	};
	rootObject = 749E5118285CE050007CBFBA /* Project object */;
}
